{
  "name": "png-test",
  "version": "1.0.0",
  "lockfileVersion": 1,
  "requires": true,
  "dependencies": {
    "crc-32": {
      "version": "0.3.0",
      "resolved": "https://registry.npmjs.org/crc-32/-/crc-32-0.3.0.tgz",
      "integrity": "sha1-aj02h/W67EH36bmf4ZU6Ll0Zd14="
    },
    "png-chunk-text": {
      "version": "1.0.0",
      "resolved": "https://registry.npmjs.org/png-chunk-text/-/png-chunk-text-1.0.0.tgz",
      "integrity": "sha1-HGAG2ONLpHHTjhycVLP1PhCF4Y8="
    },
    "png-chunks-encode": {
      "version": "1.0.0",
      "resolved": "https://registry.npmjs.org/png-chunks-encode/-/png-chunks-encode-1.0.0.tgz",
      "integrity": "sha1-2epeNcru7XgmWMGre6+npe2xqHg=",
      "requires": {
        "crc-32": "^0.3.0",
        "sliced": "^1.0.1"
      }
    },
    "png-chunks-extract": {
      "version": "1.0.0",
      "resolved": "https://registry.npmjs.org/png-chunks-extract/-/png-chunks-extract-1.0.0.tgz",
      "integrity": "sha1-+tSpBeZmUhlzUcZeNbksZDEeRy0=",
      "requires": {
        "crc-32": "^0.3.0"
      }
    },
    "sliced": {
      "version": "1.0.1",
      "resolved": "https://registry.npmjs.org/sliced/-/sliced-1.0.1.tgz",
      "integrity": "sha1-CzpmK10Ewxd7GSa+qCsD+Dei70E="
    }
  }
}
